// !$*UTF8*$!
{
	archiveVersion = 1;
	classes = {
	};
	objectVersion = 56;
	objects = {

/* Begin PBXBuildFile section */
		86FA9A6D2AEC85CC00DFA76C /* UserSettings.swift in Sources */ = {isa = PBXBuildFile; fileRef = 86FA9A6C2AEC85CC00DFA76C /* UserSettings.swift */; };
		A0534BD42AEC29E10045EEB3 /* ProfileView.swift in Sources */ = {isa = PBXBuildFile; fileRef = A0534BD32AEC29E10045EEB3 /* ProfileView.swift */; };
		C599B6882AE88B9F009835DE /* AdvoLinkApp.swift in Sources */ = {isa = PBXBuildFile; fileRef = C599B6872AE88B9F009835DE /* AdvoLinkApp.swift */; };
		C599B68A2AE88B9F009835DE /* ContentView.swift in Sources */ = {isa = PBXBuildFile; fileRef = C599B6892AE88B9F009835DE /* ContentView.swift */; };
		C599B68C2AE88BA2009835DE /* Assets.xcassets in Resources */ = {isa = PBXBuildFile; fileRef = C599B68B2AE88BA2009835DE /* Assets.xcassets */; };
		C599B68F2AE88BA2009835DE /* Preview Assets.xcassets in Resources */ = {isa = PBXBuildFile; fileRef = C599B68E2AE88BA2009835DE /* Preview Assets.xcassets */; };
		C599B6992AE88BA2009835DE /* AdvoLinkTests.swift in Sources */ = {isa = PBXBuildFile; fileRef = C599B6982AE88BA2009835DE /* AdvoLinkTests.swift */; };
		C599B6A32AE88BA2009835DE /* AdvoLinkUITests.swift in Sources */ = {isa = PBXBuildFile; fileRef = C599B6A22AE88BA2009835DE /* AdvoLinkUITests.swift */; };
		C599B6A52AE88BA2009835DE /* AdvoLinkUITestsLaunchTests.swift in Sources */ = {isa = PBXBuildFile; fileRef = C599B6A42AE88BA2009835DE /* AdvoLinkUITestsLaunchTests.swift */; };
		C599B6B52AE88C54009835DE /* Raleway-Bold.ttf in Resources */ = {isa = PBXBuildFile; fileRef = C599B6B22AE88C54009835DE /* Raleway-Bold.ttf */; };
		C599B6B62AE88C54009835DE /* Raleway-Regular.ttf in Resources */ = {isa = PBXBuildFile; fileRef = C599B6B32AE88C54009835DE /* Raleway-Regular.ttf */; };
		C599B6B72AE88C54009835DE /* Raleway-SemiBold.ttf in Resources */ = {isa = PBXBuildFile; fileRef = C599B6B42AE88C54009835DE /* Raleway-SemiBold.ttf */; };
		C599B6BB2AE88D0B009835DE /* OnBoardingPage.swift in Sources */ = {isa = PBXBuildFile; fileRef = C599B6BA2AE88D0B009835DE /* OnBoardingPage.swift */; };
		C599B6BD2AE891A7009835DE /* LoginPage.swift in Sources */ = {isa = PBXBuildFile; fileRef = C599B6BC2AE891A7009835DE /* LoginPage.swift */; };
		C599B6C02AE891F8009835DE /* LoginPageModel.swift in Sources */ = {isa = PBXBuildFile; fileRef = C599B6BF2AE891F8009835DE /* LoginPageModel.swift */; };
		C599B6C22AE8942B009835DE /* CustomCorners.swift in Sources */ = {isa = PBXBuildFile; fileRef = C599B6C12AE8942B009835DE /* CustomCorners.swift */; };
		C599B6C52AE8B326009835DE /* FirebaseAuth in Frameworks */ = {isa = PBXBuildFile; productRef = C599B6C42AE8B326009835DE /* FirebaseAuth */; };
		C599B6C72AE8B326009835DE /* FirebaseFirestore in Frameworks */ = {isa = PBXBuildFile; productRef = C599B6C62AE8B326009835DE /* FirebaseFirestore */; };
		C599B6C92AE8B3AE009835DE /* GoogleService-Info.plist in Resources */ = {isa = PBXBuildFile; fileRef = C599B6C82AE8B3AE009835DE /* GoogleService-Info.plist */; };
		E70F5B082AEB5121008E26FA /* NewPostModel.swift in Sources */ = {isa = PBXBuildFile; fileRef = E70F5B072AEB5121008E26FA /* NewPostModel.swift */; };
		E70F5B0A2AEB5144008E26FA /* CreateView.swift in Sources */ = {isa = PBXBuildFile; fileRef = E70F5B092AEB5144008E26FA /* CreateView.swift */; };
		E754B00F2AED87A300574579 /* MainTabView.swift in Sources */ = {isa = PBXBuildFile; fileRef = E754B00E2AED87A300574579 /* MainTabView.swift */; };
/* End PBXBuildFile section */

/* Begin PBXContainerItemProxy section */
		C599B6952AE88BA2009835DE /* PBXContainerItemProxy */ = {
			isa = PBXContainerItemProxy;
			containerPortal = C599B67C2AE88B9F009835DE /* Project object */;
			proxyType = 1;
			remoteGlobalIDString = C599B6832AE88B9F009835DE;
			remoteInfo = AdvoLink;
		};
		C599B69F2AE88BA2009835DE /* PBXContainerItemProxy */ = {
			isa = PBXContainerItemProxy;
			containerPortal = C599B67C2AE88B9F009835DE /* Project object */;
			proxyType = 1;
			remoteGlobalIDString = C599B6832AE88B9F009835DE;
			remoteInfo = AdvoLink;
		};
/* End PBXContainerItemProxy section */

/* Begin PBXFileReference section */
		86FA9A6C2AEC85CC00DFA76C /* UserSettings.swift */ = {isa = PBXFileReference; lastKnownFileType = sourcecode.swift; path = UserSettings.swift; sourceTree = "<group>"; };
		A0534BD32AEC29E10045EEB3 /* ProfileView.swift */ = {isa = PBXFileReference; lastKnownFileType = sourcecode.swift; path = ProfileView.swift; sourceTree = "<group>"; };
		C599B6842AE88B9F009835DE /* AdvoLink.app */ = {isa = PBXFileReference; explicitFileType = wrapper.application; includeInIndex = 0; path = AdvoLink.app; sourceTree = BUILT_PRODUCTS_DIR; };
		C599B6872AE88B9F009835DE /* AdvoLinkApp.swift */ = {isa = PBXFileReference; lastKnownFileType = sourcecode.swift; path = AdvoLinkApp.swift; sourceTree = "<group>"; };
		C599B6892AE88B9F009835DE /* ContentView.swift */ = {isa = PBXFileReference; lastKnownFileType = sourcecode.swift; path = ContentView.swift; sourceTree = "<group>"; };
		C599B68B2AE88BA2009835DE /* Assets.xcassets */ = {isa = PBXFileReference; lastKnownFileType = folder.assetcatalog; path = Assets.xcassets; sourceTree = "<group>"; };
		C599B68E2AE88BA2009835DE /* Preview Assets.xcassets */ = {isa = PBXFileReference; lastKnownFileType = folder.assetcatalog; path = "Preview Assets.xcassets"; sourceTree = "<group>"; };
		C599B6942AE88BA2009835DE /* AdvoLinkTests.xctest */ = {isa = PBXFileReference; explicitFileType = wrapper.cfbundle; includeInIndex = 0; path = AdvoLinkTests.xctest; sourceTree = BUILT_PRODUCTS_DIR; };
		C599B6982AE88BA2009835DE /* AdvoLinkTests.swift */ = {isa = PBXFileReference; lastKnownFileType = sourcecode.swift; path = AdvoLinkTests.swift; sourceTree = "<group>"; };
		C599B69E2AE88BA2009835DE /* AdvoLinkUITests.xctest */ = {isa = PBXFileReference; explicitFileType = wrapper.cfbundle; includeInIndex = 0; path = AdvoLinkUITests.xctest; sourceTree = BUILT_PRODUCTS_DIR; };
		C599B6A22AE88BA2009835DE /* AdvoLinkUITests.swift */ = {isa = PBXFileReference; lastKnownFileType = sourcecode.swift; path = AdvoLinkUITests.swift; sourceTree = "<group>"; };
		C599B6A42AE88BA2009835DE /* AdvoLinkUITestsLaunchTests.swift */ = {isa = PBXFileReference; lastKnownFileType = sourcecode.swift; path = AdvoLinkUITestsLaunchTests.swift; sourceTree = "<group>"; };
		C599B6B22AE88C54009835DE /* Raleway-Bold.ttf */ = {isa = PBXFileReference; lastKnownFileType = file; path = "Raleway-Bold.ttf"; sourceTree = "<group>"; };
		C599B6B32AE88C54009835DE /* Raleway-Regular.ttf */ = {isa = PBXFileReference; lastKnownFileType = file; path = "Raleway-Regular.ttf"; sourceTree = "<group>"; };
		C599B6B42AE88C54009835DE /* Raleway-SemiBold.ttf */ = {isa = PBXFileReference; lastKnownFileType = file; path = "Raleway-SemiBold.ttf"; sourceTree = "<group>"; };
		C599B6B82AE88C76009835DE /* Info.plist */ = {isa = PBXFileReference; lastKnownFileType = text.plist; path = Info.plist; sourceTree = "<group>"; };
		C599B6BA2AE88D0B009835DE /* OnBoardingPage.swift */ = {isa = PBXFileReference; lastKnownFileType = sourcecode.swift; path = OnBoardingPage.swift; sourceTree = "<group>"; };
		C599B6BC2AE891A7009835DE /* LoginPage.swift */ = {isa = PBXFileReference; lastKnownFileType = sourcecode.swift; path = LoginPage.swift; sourceTree = "<group>"; };
		C599B6BF2AE891F8009835DE /* LoginPageModel.swift */ = {isa = PBXFileReference; lastKnownFileType = sourcecode.swift; path = LoginPageModel.swift; sourceTree = "<group>"; };
		C599B6C12AE8942B009835DE /* CustomCorners.swift */ = {isa = PBXFileReference; lastKnownFileType = sourcecode.swift; path = CustomCorners.swift; sourceTree = "<group>"; };
		C599B6C82AE8B3AE009835DE /* GoogleService-Info.plist */ = {isa = PBXFileReference; fileEncoding = 4; lastKnownFileType = text.plist.xml; path = "GoogleService-Info.plist"; sourceTree = "<group>"; };
		E70F5B072AEB5121008E26FA /* NewPostModel.swift */ = {isa = PBXFileReference; lastKnownFileType = sourcecode.swift; path = NewPostModel.swift; sourceTree = "<group>"; };
		E70F5B092AEB5144008E26FA /* CreateView.swift */ = {isa = PBXFileReference; lastKnownFileType = sourcecode.swift; path = CreateView.swift; sourceTree = "<group>"; };
		E754B00E2AED87A300574579 /* MainTabView.swift */ = {isa = PBXFileReference; lastKnownFileType = sourcecode.swift; path = MainTabView.swift; sourceTree = "<group>"; };
/* End PBXFileReference section */

/* Begin PBXFrameworksBuildPhase section */
		C599B6812AE88B9F009835DE /* Frameworks */ = {
			isa = PBXFrameworksBuildPhase;
			buildActionMask = 2147483647;
			files = (
				C599B6C52AE8B326009835DE /* FirebaseAuth in Frameworks */,
				C599B6C72AE8B326009835DE /* FirebaseFirestore in Frameworks */,
			);
			runOnlyForDeploymentPostprocessing = 0;
		};
		C599B6912AE88BA2009835DE /* Frameworks */ = {
			isa = PBXFrameworksBuildPhase;
			buildActionMask = 2147483647;
			files = (
			);
			runOnlyForDeploymentPostprocessing = 0;
		};
		C599B69B2AE88BA2009835DE /* Frameworks */ = {
			isa = PBXFrameworksBuildPhase;
			buildActionMask = 2147483647;
			files = (
			);
			runOnlyForDeploymentPostprocessing = 0;
		};
/* End PBXFrameworksBuildPhase section */

/* Begin PBXGroup section */
		C599B67B2AE88B9F009835DE = {
			isa = PBXGroup;
			children = (
				C599B6862AE88B9F009835DE /* AdvoLink */,
				C599B6972AE88BA2009835DE /* AdvoLinkTests */,
				C599B6A12AE88BA2009835DE /* AdvoLinkUITests */,
				C599B6852AE88B9F009835DE /* Products */,
			);
			sourceTree = "<group>";
		};
		C599B6852AE88B9F009835DE /* Products */ = {
			isa = PBXGroup;
			children = (
				C599B6842AE88B9F009835DE /* AdvoLink.app */,
				C599B6942AE88BA2009835DE /* AdvoLinkTests.xctest */,
				C599B69E2AE88BA2009835DE /* AdvoLinkUITests.xctest */,
			);
			name = Products;
			sourceTree = "<group>";
		};
		C599B6862AE88B9F009835DE /* AdvoLink */ = {
			isa = PBXGroup;
			children = (
				C599B6BE2AE891C8009835DE /* ViewModel */,
				C599B6B92AE88CE0009835DE /* View */,
				C599B6B82AE88C76009835DE /* Info.plist */,
				C599B6B12AE88BF2009835DE /* Fonts */,
				C599B6872AE88B9F009835DE /* AdvoLinkApp.swift */,
				C599B6892AE88B9F009835DE /* ContentView.swift */,
				C599B68B2AE88BA2009835DE /* Assets.xcassets */,
				C599B6C82AE8B3AE009835DE /* GoogleService-Info.plist */,
				C599B68D2AE88BA2009835DE /* Preview Content */,
			);
			path = AdvoLink;
			sourceTree = "<group>";
		};
		C599B68D2AE88BA2009835DE /* Preview Content */ = {
			isa = PBXGroup;
			children = (
				C599B68E2AE88BA2009835DE /* Preview Assets.xcassets */,
			);
			path = "Preview Content";
			sourceTree = "<group>";
		};
		C599B6972AE88BA2009835DE /* AdvoLinkTests */ = {
			isa = PBXGroup;
			children = (
				C599B6982AE88BA2009835DE /* AdvoLinkTests.swift */,
			);
			path = AdvoLinkTests;
			sourceTree = "<group>";
		};
		C599B6A12AE88BA2009835DE /* AdvoLinkUITests */ = {
			isa = PBXGroup;
			children = (
				C599B6A22AE88BA2009835DE /* AdvoLinkUITests.swift */,
				C599B6A42AE88BA2009835DE /* AdvoLinkUITestsLaunchTests.swift */,
			);
			path = AdvoLinkUITests;
			sourceTree = "<group>";
		};
		C599B6B12AE88BF2009835DE /* Fonts */ = {
			isa = PBXGroup;
			children = (
				C599B6B22AE88C54009835DE /* Raleway-Bold.ttf */,
				C599B6B32AE88C54009835DE /* Raleway-Regular.ttf */,
				C599B6B42AE88C54009835DE /* Raleway-SemiBold.ttf */,
			);
			path = Fonts;
			sourceTree = "<group>";
		};
		C599B6B92AE88CE0009835DE /* View */ = {
			isa = PBXGroup;
			children = (
				C599B6BA2AE88D0B009835DE /* OnBoardingPage.swift */,
				C599B6BC2AE891A7009835DE /* LoginPage.swift */,
				E70F5B092AEB5144008E26FA /* CreateView.swift */,
				A0534BD32AEC29E10045EEB3 /* ProfileView.swift */,
				86FA9A6C2AEC85CC00DFA76C /* UserSettings.swift */,
				C599B6C12AE8942B009835DE /* CustomCorners.swift */,
				E754B00D2AED878200574579 /* TabBar */,
			);
			path = View;
			sourceTree = "<group>";
		};
		C599B6BE2AE891C8009835DE /* ViewModel */ = {
			isa = PBXGroup;
			children = (
				C599B6BF2AE891F8009835DE /* LoginPageModel.swift */,
				E70F5B072AEB5121008E26FA /* NewPostModel.swift */,
			);
			path = ViewModel;
			sourceTree = "<group>";
		};
		E754B00D2AED878200574579 /* TabBar */ = {
			isa = PBXGroup;
			children = (
				E754B00E2AED87A300574579 /* MainTabView.swift */,
			);
			path = TabBar;
			sourceTree = "<group>";
		};
/* End PBXGroup section */

/* Begin PBXNativeTarget section */
		C599B6832AE88B9F009835DE /* AdvoLink */ = {
			isa = PBXNativeTarget;
			buildConfigurationList = C599B6A82AE88BA2009835DE /* Build configuration list for PBXNativeTarget "AdvoLink" */;
			buildPhases = (
				C599B6802AE88B9F009835DE /* Sources */,
				C599B6812AE88B9F009835DE /* Frameworks */,
				C599B6822AE88B9F009835DE /* Resources */,
			);
			buildRules = (
			);
			dependencies = (
			);
			name = AdvoLink;
			packageProductDependencies = (
				C599B6C42AE8B326009835DE /* FirebaseAuth */,
				C599B6C62AE8B326009835DE /* FirebaseFirestore */,
			);
			productName = AdvoLink;
			productReference = C599B6842AE88B9F009835DE /* AdvoLink.app */;
			productType = "com.apple.product-type.application";
		};
		C599B6932AE88BA2009835DE /* AdvoLinkTests */ = {
			isa = PBXNativeTarget;
			buildConfigurationList = C599B6AB2AE88BA2009835DE /* Build configuration list for PBXNativeTarget "AdvoLinkTests" */;
			buildPhases = (
				C599B6902AE88BA2009835DE /* Sources */,
				C599B6912AE88BA2009835DE /* Frameworks */,
				C599B6922AE88BA2009835DE /* Resources */,
			);
			buildRules = (
			);
			dependencies = (
				C599B6962AE88BA2009835DE /* PBXTargetDependency */,
			);
			name = AdvoLinkTests;
			productName = AdvoLinkTests;
			productReference = C599B6942AE88BA2009835DE /* AdvoLinkTests.xctest */;
			productType = "com.apple.product-type.bundle.unit-test";
		};
		C599B69D2AE88BA2009835DE /* AdvoLinkUITests */ = {
			isa = PBXNativeTarget;
			buildConfigurationList = C599B6AE2AE88BA2009835DE /* Build configuration list for PBXNativeTarget "AdvoLinkUITests" */;
			buildPhases = (
				C599B69A2AE88BA2009835DE /* Sources */,
				C599B69B2AE88BA2009835DE /* Frameworks */,
				C599B69C2AE88BA2009835DE /* Resources */,
			);
			buildRules = (
			);
			dependencies = (
				C599B6A02AE88BA2009835DE /* PBXTargetDependency */,
			);
			name = AdvoLinkUITests;
			productName = AdvoLinkUITests;
			productReference = C599B69E2AE88BA2009835DE /* AdvoLinkUITests.xctest */;
			productType = "com.apple.product-type.bundle.ui-testing";
		};
/* End PBXNativeTarget section */

/* Begin PBXProject section */
		C599B67C2AE88B9F009835DE /* Project object */ = {
			isa = PBXProject;
			attributes = {
				BuildIndependentTargetsInParallel = 1;
				LastSwiftUpdateCheck = 1500;
				LastUpgradeCheck = 1500;
				TargetAttributes = {
					C599B6832AE88B9F009835DE = {
						CreatedOnToolsVersion = 15.0.1;
					};
					C599B6932AE88BA2009835DE = {
						CreatedOnToolsVersion = 15.0.1;
						TestTargetID = C599B6832AE88B9F009835DE;
					};
					C599B69D2AE88BA2009835DE = {
						CreatedOnToolsVersion = 15.0.1;
						TestTargetID = C599B6832AE88B9F009835DE;
					};
				};
			};
			buildConfigurationList = C599B67F2AE88B9F009835DE /* Build configuration list for PBXProject "AdvoLink" */;
			compatibilityVersion = "Xcode 14.0";
			developmentRegion = en;
			hasScannedForEncodings = 0;
			knownRegions = (
				en,
				Base,
			);
			mainGroup = C599B67B2AE88B9F009835DE;
			packageReferences = (
				C599B6C32AE8B326009835DE /* XCRemoteSwiftPackageReference "firebase-ios-sdk" */,
			);
			productRefGroup = C599B6852AE88B9F009835DE /* Products */;
			projectDirPath = "";
			projectRoot = "";
			targets = (
				C599B6832AE88B9F009835DE /* AdvoLink */,
				C599B6932AE88BA2009835DE /* AdvoLinkTests */,
				C599B69D2AE88BA2009835DE /* AdvoLinkUITests */,
			);
		};
/* End PBXProject section */

/* Begin PBXResourcesBuildPhase section */
		C599B6822AE88B9F009835DE /* Resources */ = {
			isa = PBXResourcesBuildPhase;
			buildActionMask = 2147483647;
			files = (
				C599B68F2AE88BA2009835DE /* Preview Assets.xcassets in Resources */,
				C599B6B52AE88C54009835DE /* Raleway-Bold.ttf in Resources */,
				C599B68C2AE88BA2009835DE /* Assets.xcassets in Resources */,
				C599B6B62AE88C54009835DE /* Raleway-Regular.ttf in Resources */,
				C599B6B72AE88C54009835DE /* Raleway-SemiBold.ttf in Resources */,
				C599B6C92AE8B3AE009835DE /* GoogleService-Info.plist in Resources */,
			);
			runOnlyForDeploymentPostprocessing = 0;
		};
		C599B6922AE88BA2009835DE /* Resources */ = {
			isa = PBXResourcesBuildPhase;
			buildActionMask = 2147483647;
			files = (
			);
			runOnlyForDeploymentPostprocessing = 0;
		};
		C599B69C2AE88BA2009835DE /* Resources */ = {
			isa = PBXResourcesBuildPhase;
			buildActionMask = 2147483647;
			files = (
			);
			runOnlyForDeploymentPostprocessing = 0;
		};
/* End PBXResourcesBuildPhase section */

/* Begin PBXSourcesBuildPhase section */
		C599B6802AE88B9F009835DE /* Sources */ = {
			isa = PBXSourcesBuildPhase;
			buildActionMask = 2147483647;
			files = (
				E70F5B082AEB5121008E26FA /* NewPostModel.swift in Sources */,
				A0534BD42AEC29E10045EEB3 /* ProfileView.swift in Sources */,
				C599B6BD2AE891A7009835DE /* LoginPage.swift in Sources */,
				86FA9A6D2AEC85CC00DFA76C /* UserSettings.swift in Sources */,
				E70F5B0A2AEB5144008E26FA /* CreateView.swift in Sources */,
				E754B00F2AED87A300574579 /* MainTabView.swift in Sources */,
				C599B6C22AE8942B009835DE /* CustomCorners.swift in Sources */,
				C599B6C02AE891F8009835DE /* LoginPageModel.swift in Sources */,
				C599B68A2AE88B9F009835DE /* ContentView.swift in Sources */,
				C599B6BB2AE88D0B009835DE /* OnBoardingPage.swift in Sources */,
				C599B6882AE88B9F009835DE /* AdvoLinkApp.swift in Sources */,
			);
			runOnlyForDeploymentPostprocessing = 0;
		};
		C599B6902AE88BA2009835DE /* Sources */ = {
			isa = PBXSourcesBuildPhase;
			buildActionMask = 2147483647;
			files = (
				C599B6992AE88BA2009835DE /* AdvoLinkTests.swift in Sources */,
			);
			runOnlyForDeploymentPostprocessing = 0;
		};
		C599B69A2AE88BA2009835DE /* Sources */ = {
			isa = PBXSourcesBuildPhase;
			buildActionMask = 2147483647;
			files = (
				C599B6A52AE88BA2009835DE /* AdvoLinkUITestsLaunchTests.swift in Sources */,
				C599B6A32AE88BA2009835DE /* AdvoLinkUITests.swift in Sources */,
			);
			runOnlyForDeploymentPostprocessing = 0;
		};
/* End PBXSourcesBuildPhase section */

/* Begin PBXTargetDependency section */
		C599B6962AE88BA2009835DE /* PBXTargetDependency */ = {
			isa = PBXTargetDependency;
			target = C599B6832AE88B9F009835DE /* AdvoLink */;
			targetProxy = C599B6952AE88BA2009835DE /* PBXContainerItemProxy */;
		};
		C599B6A02AE88BA2009835DE /* PBXTargetDependency */ = {
			isa = PBXTargetDependency;
			target = C599B6832AE88B9F009835DE /* AdvoLink */;
			targetProxy = C599B69F2AE88BA2009835DE /* PBXContainerItemProxy */;
		};
/* End PBXTargetDependency section */

/* Begin XCBuildConfiguration section */
		C599B6A62AE88BA2009835DE /* Debug */ = {
			isa = XCBuildConfiguration;
			buildSettings = {
				ALWAYS_SEARCH_USER_PATHS = NO;
				ASSETCATALOG_COMPILER_GENERATE_SWIFT_ASSET_SYMBOL_EXTENSIONS = YES;
				CLANG_ANALYZER_NONNULL = YES;
				CLANG_ANALYZER_NUMBER_OBJECT_CONVERSION = YES_AGGRESSIVE;
				CLANG_CXX_LANGUAGE_STANDARD = "gnu++20";
				CLANG_ENABLE_MODULES = YES;
				CLANG_ENABLE_OBJC_ARC = YES;
				CLANG_ENABLE_OBJC_WEAK = YES;
				CLANG_WARN_BLOCK_CAPTURE_AUTORELEASING = YES;
				CLANG_WARN_BOOL_CONVERSION = YES;
				CLANG_WARN_COMMA = YES;
				CLANG_WARN_CONSTANT_CONVERSION = YES;
				CLANG_WARN_DEPRECATED_OBJC_IMPLEMENTATIONS = YES;
				CLANG_WARN_DIRECT_OBJC_ISA_USAGE = YES_ERROR;
				CLANG_WARN_DOCUMENTATION_COMMENTS = YES;
				CLANG_WARN_EMPTY_BODY = YES;
				CLANG_WARN_ENUM_CONVERSION = YES;
				CLANG_WARN_INFINITE_RECURSION = YES;
				CLANG_WARN_INT_CONVERSION = YES;
				CLANG_WARN_NON_LITERAL_NULL_CONVERSION = YES;
				CLANG_WARN_OBJC_IMPLICIT_RETAIN_SELF = YES;
				CLANG_WARN_OBJC_LITERAL_CONVERSION = YES;
				CLANG_WARN_OBJC_ROOT_CLASS = YES_ERROR;
				CLANG_WARN_QUOTED_INCLUDE_IN_FRAMEWORK_HEADER = YES;
				CLANG_WARN_RANGE_LOOP_ANALYSIS = YES;
				CLANG_WARN_STRICT_PROTOTYPES = YES;
				CLANG_WARN_SUSPICIOUS_MOVE = YES;
				CLANG_WARN_UNGUARDED_AVAILABILITY = YES_AGGRESSIVE;
				CLANG_WARN_UNREACHABLE_CODE = YES;
				CLANG_WARN__DUPLICATE_METHOD_MATCH = YES;
				COPY_PHASE_STRIP = NO;
				DEBUG_INFORMATION_FORMAT = dwarf;
				ENABLE_STRICT_OBJC_MSGSEND = YES;
				ENABLE_TESTABILITY = YES;
				ENABLE_USER_SCRIPT_SANDBOXING = YES;
				GCC_C_LANGUAGE_STANDARD = gnu17;
				GCC_DYNAMIC_NO_PIC = NO;
				GCC_NO_COMMON_BLOCKS = YES;
				GCC_OPTIMIZATION_LEVEL = 0;
				GCC_PREPROCESSOR_DEFINITIONS = (
					"DEBUG=1",
					"$(inherited)",
				);
				GCC_WARN_64_TO_32_BIT_CONVERSION = YES;
				GCC_WARN_ABOUT_RETURN_TYPE = YES_ERROR;
				GCC_WARN_UNDECLARED_SELECTOR = YES;
				GCC_WARN_UNINITIALIZED_AUTOS = YES_AGGRESSIVE;
				GCC_WARN_UNUSED_FUNCTION = YES;
				GCC_WARN_UNUSED_VARIABLE = YES;
				IPHONEOS_DEPLOYMENT_TARGET = 17.0;
				LOCALIZATION_PREFERS_STRING_CATALOGS = YES;
				MTL_ENABLE_DEBUG_INFO = INCLUDE_SOURCE;
				MTL_FAST_MATH = YES;
				ONLY_ACTIVE_ARCH = YES;
				SDKROOT = iphoneos;
				SWIFT_ACTIVE_COMPILATION_CONDITIONS = "DEBUG $(inherited)";
				SWIFT_OPTIMIZATION_LEVEL = "-Onone";
			};
			name = Debug;
		};
		C599B6A72AE88BA2009835DE /* Release */ = {
			isa = XCBuildConfiguration;
			buildSettings = {
				ALWAYS_SEARCH_USER_PATHS = NO;
				ASSETCATALOG_COMPILER_GENERATE_SWIFT_ASSET_SYMBOL_EXTENSIONS = YES;
				CLANG_ANALYZER_NONNULL = YES;
				CLANG_ANALYZER_NUMBER_OBJECT_CONVERSION = YES_AGGRESSIVE;
				CLANG_CXX_LANGUAGE_STANDARD = "gnu++20";
				CLANG_ENABLE_MODULES = YES;
				CLANG_ENABLE_OBJC_ARC = YES;
				CLANG_ENABLE_OBJC_WEAK = YES;
				CLANG_WARN_BLOCK_CAPTURE_AUTORELEASING = YES;
				CLANG_WARN_BOOL_CONVERSION = YES;
				CLANG_WARN_COMMA = YES;
				CLANG_WARN_CONSTANT_CONVERSION = YES;
				CLANG_WARN_DEPRECATED_OBJC_IMPLEMENTATIONS = YES;
				CLANG_WARN_DIRECT_OBJC_ISA_USAGE = YES_ERROR;
				CLANG_WARN_DOCUMENTATION_COMMENTS = YES;
				CLANG_WARN_EMPTY_BODY = YES;
				CLANG_WARN_ENUM_CONVERSION = YES;
				CLANG_WARN_INFINITE_RECURSION = YES;
				CLANG_WARN_INT_CONVERSION = YES;
				CLANG_WARN_NON_LITERAL_NULL_CONVERSION = YES;
				CLANG_WARN_OBJC_IMPLICIT_RETAIN_SELF = YES;
				CLANG_WARN_OBJC_LITERAL_CONVERSION = YES;
				CLANG_WARN_OBJC_ROOT_CLASS = YES_ERROR;
				CLANG_WARN_QUOTED_INCLUDE_IN_FRAMEWORK_HEADER = YES;
				CLANG_WARN_RANGE_LOOP_ANALYSIS = YES;
				CLANG_WARN_STRICT_PROTOTYPES = YES;
				CLANG_WARN_SUSPICIOUS_MOVE = YES;
				CLANG_WARN_UNGUARDED_AVAILABILITY = YES_AGGRESSIVE;
				CLANG_WARN_UNREACHABLE_CODE = YES;
				CLANG_WARN__DUPLICATE_METHOD_MATCH = YES;
				COPY_PHASE_STRIP = NO;
				DEBUG_INFORMATION_FORMAT = "dwarf-with-dsym";
				ENABLE_NS_ASSERTIONS = NO;
				ENABLE_STRICT_OBJC_MSGSEND = YES;
				ENABLE_USER_SCRIPT_SANDBOXING = YES;
				GCC_C_LANGUAGE_STANDARD = gnu17;
				GCC_NO_COMMON_BLOCKS = YES;
				GCC_WARN_64_TO_32_BIT_CONVERSION = YES;
				GCC_WARN_ABOUT_RETURN_TYPE = YES_ERROR;
				GCC_WARN_UNDECLARED_SELECTOR = YES;
				GCC_WARN_UNINITIALIZED_AUTOS = YES_AGGRESSIVE;
				GCC_WARN_UNUSED_FUNCTION = YES;
				GCC_WARN_UNUSED_VARIABLE = YES;
				IPHONEOS_DEPLOYMENT_TARGET = 17.0;
				LOCALIZATION_PREFERS_STRING_CATALOGS = YES;
				MTL_ENABLE_DEBUG_INFO = NO;
				MTL_FAST_MATH = YES;
				SDKROOT = iphoneos;
				SWIFT_COMPILATION_MODE = wholemodule;
				VALIDATE_PRODUCT = YES;
			};
			name = Release;
		};
		C599B6A92AE88BA2009835DE /* Debug */ = {
			isa = XCBuildConfiguration;
			buildSettings = {
				ASSETCATALOG_COMPILER_APPICON_NAME = AppIcon;
				ASSETCATALOG_COMPILER_GLOBAL_ACCENT_COLOR_NAME = AccentColor;
				CODE_SIGN_STYLE = Automatic;
				CURRENT_PROJECT_VERSION = 1;
				DEVELOPMENT_ASSET_PATHS = "\"AdvoLink/Preview Content\"";
				DEVELOPMENT_TEAM = DHW5Q939X2;
				ENABLE_PREVIEWS = YES;
				GENERATE_INFOPLIST_FILE = YES;
				INFOPLIST_FILE = AdvoLink/Info.plist;
				INFOPLIST_KEY_UIApplicationSceneManifest_Generation = YES;
				INFOPLIST_KEY_UIApplicationSupportsIndirectInputEvents = YES;
				INFOPLIST_KEY_UILaunchScreen_Generation = YES;
				INFOPLIST_KEY_UISupportedInterfaceOrientations_iPad = "UIInterfaceOrientationPortrait UIInterfaceOrientationPortraitUpsideDown UIInterfaceOrientationLandscapeLeft UIInterfaceOrientationLandscapeRight";
				INFOPLIST_KEY_UISupportedInterfaceOrientations_iPhone = "UIInterfaceOrientationPortrait UIInterfaceOrientationLandscapeLeft UIInterfaceOrientationLandscapeRight";
				LD_RUNPATH_SEARCH_PATHS = (
					"$(inherited)",
					"@executable_path/Frameworks",
				);
				MARKETING_VERSION = 1.0;
				PRODUCT_BUNDLE_IDENTIFIER = a.AdvoLink;
				PRODUCT_NAME = "$(TARGET_NAME)";
				SWIFT_EMIT_LOC_STRINGS = YES;
				SWIFT_VERSION = 5.0;
				TARGETED_DEVICE_FAMILY = "1,2";
			};
			name = Debug;
		};
		C599B6AA2AE88BA2009835DE /* Release */ = {
			isa = XCBuildConfiguration;
			buildSettings = {
				ASSETCATALOG_COMPILER_APPICON_NAME = AppIcon;
				ASSETCATALOG_COMPILER_GLOBAL_ACCENT_COLOR_NAME = AccentColor;
				CODE_SIGN_STYLE = Automatic;
				CURRENT_PROJECT_VERSION = 1;
				DEVELOPMENT_ASSET_PATHS = "\"AdvoLink/Preview Content\"";
				DEVELOPMENT_TEAM = DHW5Q939X2;
				ENABLE_PREVIEWS = YES;
				GENERATE_INFOPLIST_FILE = YES;
				INFOPLIST_FILE = AdvoLink/Info.plist;
				INFOPLIST_KEY_UIApplicationSceneManifest_Generation = YES;
				INFOPLIST_KEY_UIApplicationSupportsIndirectInputEvents = YES;
				INFOPLIST_KEY_UILaunchScreen_Generation = YES;
				INFOPLIST_KEY_UISupportedInterfaceOrientations_iPad = "UIInterfaceOrientationPortrait UIInterfaceOrientationPortraitUpsideDown UIInterfaceOrientationLandscapeLeft UIInterfaceOrientationLandscapeRight";
				INFOPLIST_KEY_UISupportedInterfaceOrientations_iPhone = "UIInterfaceOrientationPortrait UIInterfaceOrientationLandscapeLeft UIInterfaceOrientationLandscapeRight";
				LD_RUNPATH_SEARCH_PATHS = (
					"$(inherited)",
					"@executable_path/Frameworks",
				);
				MARKETING_VERSION = 1.0;
				PRODUCT_BUNDLE_IDENTIFIER = a.AdvoLink;
				PRODUCT_NAME = "$(TARGET_NAME)";
				SWIFT_EMIT_LOC_STRINGS = YES;
				SWIFT_VERSION = 5.0;
				TARGETED_DEVICE_FAMILY = "1,2";
			};
			name = Release;
		};
		C599B6AC2AE88BA2009835DE /* Debug */ = {
			isa = XCBuildConfiguration;
			buildSettings = {
				ALWAYS_EMBED_SWIFT_STANDARD_LIBRARIES = YES;
				BUNDLE_LOADER = "$(TEST_HOST)";
				CODE_SIGN_STYLE = Automatic;
				CURRENT_PROJECT_VERSION = 1;
				DEVELOPMENT_TEAM = DHW5Q939X2;
				GENERATE_INFOPLIST_FILE = YES;
				IPHONEOS_DEPLOYMENT_TARGET = 17.0;
				MARKETING_VERSION = 1.0;
				PRODUCT_BUNDLE_IDENTIFIER = a.AdvoLinkTests;
				PRODUCT_NAME = "$(TARGET_NAME)";
				SWIFT_EMIT_LOC_STRINGS = NO;
				SWIFT_VERSION = 5.0;
				TARGETED_DEVICE_FAMILY = "1,2";
				TEST_HOST = "$(BUILT_PRODUCTS_DIR)/AdvoLink.app/$(BUNDLE_EXECUTABLE_FOLDER_PATH)/AdvoLink";
			};
			name = Debug;
		};
		C599B6AD2AE88BA2009835DE /* Release */ = {
			isa = XCBuildConfiguration;
			buildSettings = {
				ALWAYS_EMBED_SWIFT_STANDARD_LIBRARIES = YES;
				BUNDLE_LOADER = "$(TEST_HOST)";
				CODE_SIGN_STYLE = Automatic;
				CURRENT_PROJECT_VERSION = 1;
				DEVELOPMENT_TEAM = DHW5Q939X2;
				GENERATE_INFOPLIST_FILE = YES;
				IPHONEOS_DEPLOYMENT_TARGET = 17.0;
				MARKETING_VERSION = 1.0;
				PRODUCT_BUNDLE_IDENTIFIER = a.AdvoLinkTests;
				PRODUCT_NAME = "$(TARGET_NAME)";
				SWIFT_EMIT_LOC_STRINGS = NO;
				SWIFT_VERSION = 5.0;
				TARGETED_DEVICE_FAMILY = "1,2";
				TEST_HOST = "$(BUILT_PRODUCTS_DIR)/AdvoLink.app/$(BUNDLE_EXECUTABLE_FOLDER_PATH)/AdvoLink";
			};
			name = Release;
		};
		C599B6AF2AE88BA2009835DE /* Debug */ = {
			isa = XCBuildConfiguration;
			buildSettings = {
				ALWAYS_EMBED_SWIFT_STANDARD_LIBRARIES = YES;
				CODE_SIGN_STYLE = Automatic;
				CURRENT_PROJECT_VERSION = 1;
				DEVELOPMENT_TEAM = DHW5Q939X2;
				GENERATE_INFOPLIST_FILE = YES;
				MARKETING_VERSION = 1.0;
				PRODUCT_BUNDLE_IDENTIFIER = a.AdvoLinkUITests;
				PRODUCT_NAME = "$(TARGET_NAME)";
				SWIFT_EMIT_LOC_STRINGS = NO;
				SWIFT_VERSION = 5.0;
				TARGETED_DEVICE_FAMILY = "1,2";
				TEST_TARGET_NAME = AdvoLink;
			};
			name = Debug;
		};
		C599B6B02AE88BA2009835DE /* Release */ = {
			isa = XCBuildConfiguration;
			buildSettings = {
				ALWAYS_EMBED_SWIFT_STANDARD_LIBRARIES = YES;
				CODE_SIGN_STYLE = Automatic;
				CURRENT_PROJECT_VERSION = 1;
				DEVELOPMENT_TEAM = DHW5Q939X2;
				GENERATE_INFOPLIST_FILE = YES;
				MARKETING_VERSION = 1.0;
				PRODUCT_BUNDLE_IDENTIFIER = a.AdvoLinkUITests;
				PRODUCT_NAME = "$(TARGET_NAME)";
				SWIFT_EMIT_LOC_STRINGS = NO;
				SWIFT_VERSION = 5.0;
				TARGETED_DEVICE_FAMILY = "1,2";
				TEST_TARGET_NAME = AdvoLink;
			};
			name = Release;
		};
/* End XCBuildConfiguration section */

/* Begin XCConfigurationList section */
		C599B67F2AE88B9F009835DE /* Build configuration list for PBXProject "AdvoLink" */ = {
			isa = XCConfigurationList;
			buildConfigurations = (
				C599B6A62AE88BA2009835DE /* Debug */,
				C599B6A72AE88BA2009835DE /* Release */,
			);
			defaultConfigurationIsVisible = 0;
			defaultConfigurationName = Release;
		};
		C599B6A82AE88BA2009835DE /* Build configuration list for PBXNativeTarget "AdvoLink" */ = {
			isa = XCConfigurationList;
			buildConfigurations = (
				C599B6A92AE88BA2009835DE /* Debug */,
				C599B6AA2AE88BA2009835DE /* Release */,
			);
			defaultConfigurationIsVisible = 0;
			defaultConfigurationName = Release;
		};
		C599B6AB2AE88BA2009835DE /* Build configuration list for PBXNativeTarget "AdvoLinkTests" */ = {
			isa = XCConfigurationList;
			buildConfigurations = (
				C599B6AC2AE88BA2009835DE /* Debug */,
				C599B6AD2AE88BA2009835DE /* Release */,
			);
			defaultConfigurationIsVisible = 0;
			defaultConfigurationName = Release;
		};
		C599B6AE2AE88BA2009835DE /* Build configuration list for PBXNativeTarget "AdvoLinkUITests" */ = {
			isa = XCConfigurationList;
			buildConfigurations = (
				C599B6AF2AE88BA2009835DE /* Debug */,
				C599B6B02AE88BA2009835DE /* Release */,
			);
			defaultConfigurationIsVisible = 0;
			defaultConfigurationName = Release;
		};
/* End XCConfigurationList section */

/* Begin XCRemoteSwiftPackageReference section */
		C599B6C32AE8B326009835DE /* XCRemoteSwiftPackageReference "firebase-ios-sdk" */ = {
			isa = XCRemoteSwiftPackageReference;
			repositoryURL = "https://github.com/firebase/firebase-ios-sdk.git";
			requirement = {
				kind = upToNextMajorVersion;
				minimumVersion = 10.16.0;
			};
		};
/* End XCRemoteSwiftPackageReference section */

/* Begin XCSwiftPackageProductDependency section */
		C599B6C42AE8B326009835DE /* FirebaseAuth */ = {
			isa = XCSwiftPackageProductDependency;
			package = C599B6C32AE8B326009835DE /* XCRemoteSwiftPackageReference "firebase-ios-sdk" */;
			productName = FirebaseAuth;
		};
		C599B6C62AE8B326009835DE /* FirebaseFirestore */ = {
			isa = XCSwiftPackageProductDependency;
			package = C599B6C32AE8B326009835DE /* XCRemoteSwiftPackageReference "firebase-ios-sdk" */;
			productName = FirebaseFirestore;
		};
/* End XCSwiftPackageProductDependency section */
	};
	rootObject = C599B67C2AE88B9F009835DE /* Project object */;
}
